// !$*UTF8*$!
{
	archiveVersion = 1;
	classes = {
	};
	objectVersion = 46;
	objects = {

/* Begin PBXBuildFile section */
		0019E5D623A1960300ABB19D /* CardPartAttributedTextViewController.swift in Sources */ = {isa = PBXBuildFile; fileRef = 0019E5D523A1960300ABB19D /* CardPartAttributedTextViewController.swift */; };
		0AC06A50F9EFC07A051126DA /* Pods_CardParts_Example.framework in Frameworks */ = {isa = PBXBuildFile; fileRef = F639F94EB1911C332F07F7C5 /* Pods_CardParts_Example.framework */; };
		1964FC2A3640A8318B06FAE2 /* Pods_CardParts_Tests.framework in Frameworks */ = {isa = PBXBuildFile; fileRef = 411FA9F08E0EF1AF5B1D8EA1 /* Pods_CardParts_Tests.framework */; };
		1B1E203D22F47A8700734EDA /* CardPartPillLabelCardController.swift in Sources */ = {isa = PBXBuildFile; fileRef = 1B1E203C22F47A8700734EDA /* CardPartPillLabelCardController.swift */; };
		1B1E204022F4ADE900734EDA /* CardPartRoundedStackViewCardController.swift in Sources */ = {isa = PBXBuildFile; fileRef = 1B1E203F22F4ADE900734EDA /* CardPartRoundedStackViewCardController.swift */; };
		1B1F9541231F3F4900085906 /* CardPartConfettiViewCardController.swift in Sources */ = {isa = PBXBuildFile; fileRef = 1B1F9540231F3F4900085906 /* CardPartConfettiViewCardController.swift */; };
		1B1F9543231FF58400085906 /* ConfettiViewController.swift in Sources */ = {isa = PBXBuildFile; fileRef = 1B1F9542231FF58300085906 /* ConfettiViewController.swift */; };
		1B5F65412333DA3D001B473F /* CardPartProgressBarViewCardController.swift in Sources */ = {isa = PBXBuildFile; fileRef = 1B5F65402333DA3D001B473F /* CardPartProgressBarViewCardController.swift */; };
		1B693BA1230DAE2900662382 /* CardPartIconLabelCardController.swift in Sources */ = {isa = PBXBuildFile; fileRef = 1B693BA0230DAE2900662382 /* CardPartIconLabelCardController.swift */; };
		1BC4B4E1236762DD00EE7A31 /* CardPartHistogramCardController.swift in Sources */ = {isa = PBXBuildFile; fileRef = 1BC4B4E0236762DD00EE7A31 /* CardPartHistogramCardController.swift */; };
		1BCE6B782360AE26006B7325 /* CardPartRadioButtonCardController.swift in Sources */ = {isa = PBXBuildFile; fileRef = 1BCE6B772360AE26006B7325 /* CardPartRadioButtonCardController.swift */; };
		1BD1074022F22823000163D2 /* CardPartBorderViewController.swift in Sources */ = {isa = PBXBuildFile; fileRef = 1BD1073F22F22823000163D2 /* CardPartBorderViewController.swift */; };
		2012C74E23E39ED000F48EFA /* CardPartMultiSliderViewCardController.swift in Sources */ = {isa = PBXBuildFile; fileRef = 2012C74D23E39ECF00F48EFA /* CardPartMultiSliderViewCardController.swift */; };
		20F68E7D2405EFC200395102 /* CardPartSwitchViewCardController.swift in Sources */ = {isa = PBXBuildFile; fileRef = 20F68E7C2405EFC200395102 /* CardPartSwitchViewCardController.swift */; };
		5570914320D18B07004D8E5A /* CardPartOrientedViewCardController.swift in Sources */ = {isa = PBXBuildFile; fileRef = 5570914220D18B07004D8E5A /* CardPartOrientedViewCardController.swift */; };
		55809E2620DABBF3008BE0D2 /* CardPartCenteredViewCardController.swift in Sources */ = {isa = PBXBuildFile; fileRef = 55809E2520DABBF3008BE0D2 /* CardPartCenteredViewCardController.swift */; };
		55AB80CF20B61E1700B5994B /* CardUtilsTests.swift in Sources */ = {isa = PBXBuildFile; fileRef = 55AB80CE20B61E1700B5994B /* CardUtilsTests.swift */; };
		607FACD61AFB9204008FA782 /* AppDelegate.swift in Sources */ = {isa = PBXBuildFile; fileRef = 607FACD51AFB9204008FA782 /* AppDelegate.swift */; };
		607FACD81AFB9204008FA782 /* MainViewController.swift in Sources */ = {isa = PBXBuildFile; fileRef = 607FACD71AFB9204008FA782 /* MainViewController.swift */; };
		607FACDB1AFB9204008FA782 /* Main.storyboard in Resources */ = {isa = PBXBuildFile; fileRef = 607FACD91AFB9204008FA782 /* Main.storyboard */; };
		607FACDD1AFB9204008FA782 /* Images.xcassets in Resources */ = {isa = PBXBuildFile; fileRef = 607FACDC1AFB9204008FA782 /* Images.xcassets */; };
		607FACE01AFB9204008FA782 /* LaunchScreen.xib in Resources */ = {isa = PBXBuildFile; fileRef = 607FACDE1AFB9204008FA782 /* LaunchScreen.xib */; };
		61D470651FDA6D1B00F451F0 /* StateCardController.swift in Sources */ = {isa = PBXBuildFile; fileRef = 61D470611FDA6D1A00F451F0 /* StateCardController.swift */; };
		61D470681FDA6D1B00F451F0 /* ReactiveCardController.swift in Sources */ = {isa = PBXBuildFile; fileRef = 61D470641FDA6D1A00F451F0 /* ReactiveCardController.swift */; };
		61D470701FDA709B00F451F0 /* CardPartTableViewCellTests.swift in Sources */ = {isa = PBXBuildFile; fileRef = 61D470691FDA709B00F451F0 /* CardPartTableViewCellTests.swift */; };
		61D470711FDA709B00F451F0 /* CardPartImageViewTests.swift in Sources */ = {isa = PBXBuildFile; fileRef = 61D4706A1FDA709B00F451F0 /* CardPartImageViewTests.swift */; };
		61D470721FDA709B00F451F0 /* CardPartTitleViewTests.swift in Sources */ = {isa = PBXBuildFile; fileRef = 61D4706B1FDA709B00F451F0 /* CardPartTitleViewTests.swift */; };
		61D470731FDA709B00F451F0 /* CardPartSeparatorViewTests.swift in Sources */ = {isa = PBXBuildFile; fileRef = 61D4706C1FDA709B00F451F0 /* CardPartSeparatorViewTests.swift */; };
		61D470741FDA709B00F451F0 /* CardPartTextViewTests.swift in Sources */ = {isa = PBXBuildFile; fileRef = 61D4706D1FDA709B00F451F0 /* CardPartTextViewTests.swift */; };
		61D470751FDA709B00F451F0 /* CardPartButtonViewTests.swift in Sources */ = {isa = PBXBuildFile; fileRef = 61D4706E1FDA709B00F451F0 /* CardPartButtonViewTests.swift */; };
		61D470761FDA709B00F451F0 /* CardPartSpacerViewTests.swift in Sources */ = {isa = PBXBuildFile; fileRef = 61D4706F1FDA709B00F451F0 /* CardPartSpacerViewTests.swift */; };
		61D470851FDB08EE00F451F0 /* CardPartTitleDescriptionViewTests.swift in Sources */ = {isa = PBXBuildFile; fileRef = 61D470841FDB08EE00F451F0 /* CardPartTitleDescriptionViewTests.swift */; };
		7021D3D220B5FA8600F9CB80 /* ThemedCardController.swift in Sources */ = {isa = PBXBuildFile; fileRef = 7021D3D120B5FA8600F9CB80 /* ThemedCardController.swift */; };
		7051279B20B5D35900B8E635 /* CardPartBarViewCardController.swift in Sources */ = {isa = PBXBuildFile; fileRef = 7051279A20B5D35900B8E635 /* CardPartBarViewCardController.swift */; };
		7051279D20B5D3D900B8E635 /* CardPartPagedViewCardController.swift in Sources */ = {isa = PBXBuildFile; fileRef = 7051279C20B5D3D900B8E635 /* CardPartPagedViewCardController.swift */; };
		7051279F20B5E2ED00B8E635 /* CardPartTextFieldCardController.swift in Sources */ = {isa = PBXBuildFile; fileRef = 7051279E20B5E2ED00B8E635 /* CardPartTextFieldCardController.swift */; };
		705127A120B5E52600B8E635 /* CardPartSliderViewCardController.swift in Sources */ = {isa = PBXBuildFile; fileRef = 705127A020B5E52600B8E635 /* CardPartSliderViewCardController.swift */; };
		70BB3BF420FF89A500F55D57 /* CardPartTitleDescriptionViewCardController.swift in Sources */ = {isa = PBXBuildFile; fileRef = 70BB3BF320FF89A500F55D57 /* CardPartTitleDescriptionViewCardController.swift */; };
		70F595CE20B5C4D700B6E688 /* ThemeViewController.swift in Sources */ = {isa = PBXBuildFile; fileRef = 70F595CD20B5C4D700B6E688 /* ThemeViewController.swift */; };
		70F595D020B5C56200B6E688 /* CardPartTextViewCardController.swift in Sources */ = {isa = PBXBuildFile; fileRef = 70F595CF20B5C56200B6E688 /* CardPartTextViewCardController.swift */; };
		70F595D220B5C66100B6E688 /* CardPartImageViewCardController.swift in Sources */ = {isa = PBXBuildFile; fileRef = 70F595D120B5C66100B6E688 /* CardPartImageViewCardController.swift */; };
		70F595D420B5C7B300B6E688 /* CardPartButtonViewCardController.swift in Sources */ = {isa = PBXBuildFile; fileRef = 70F595D320B5C7B300B6E688 /* CardPartButtonViewCardController.swift */; };
		70F595D620B5C87300B6E688 /* CardPartTitleViewCardController.swift in Sources */ = {isa = PBXBuildFile; fileRef = 70F595D520B5C87300B6E688 /* CardPartTitleViewCardController.swift */; };
		70F595D820B5C95700B6E688 /* CardPartSeparatorViewCardController.swift in Sources */ = {isa = PBXBuildFile; fileRef = 70F595D720B5C95700B6E688 /* CardPartSeparatorViewCardController.swift */; };
		70F595DA20B5C9F200B6E688 /* CardPartStackViewCardController.swift in Sources */ = {isa = PBXBuildFile; fileRef = 70F595D920B5C9F200B6E688 /* CardPartStackViewCardController.swift */; };
		70F595DC20B5CAF800B6E688 /* CardPartTableViewCardController.swift in Sources */ = {isa = PBXBuildFile; fileRef = 70F595DB20B5CAF800B6E688 /* CardPartTableViewCardController.swift */; };
		70F595E020B5CDCE00B6E688 /* CardPartCollectionViewCardController.swift in Sources */ = {isa = PBXBuildFile; fileRef = 70F595DF20B5CDCE00B6E688 /* CardPartCollectionViewCardController.swift */; };
		7103BDEE9A134BAD4917AC05 /* Pods_CardParts_Tests.framework in Frameworks */ = {isa = PBXBuildFile; fileRef = C2FF4E2B43A7D0CE08F17CA7 /* Pods_CardParts_Tests.framework */; };
		80F3C7662348F32300F5D271 /* CardPartMapViewCardController.swift in Sources */ = {isa = PBXBuildFile; fileRef = 80F3C7652348F32300F5D271 /* CardPartMapViewCardController.swift */; };
		80F3C768234ADA7900F5D271 /* CardPartMapViewTests.swift in Sources */ = {isa = PBXBuildFile; fileRef = 80F3C767234ADA7900F5D271 /* CardPartMapViewTests.swift */; };
		9A33961F2410208D00167DD5 /* CardPartsBottomSheetTests.swift in Sources */ = {isa = PBXBuildFile; fileRef = 9A33961E2410208D00167DD5 /* CardPartsBottomSheetTests.swift */; };
		9A9AE5C323FBA72D0006E1EC /* CardPartBottomSheetCardController.swift in Sources */ = {isa = PBXBuildFile; fileRef = 9A9AE5C223FBA72D0006E1EC /* CardPartBottomSheetCardController.swift */; };
		EB16E38A2396E8FD003F70A2 /* CardParthCustomMarginsCardController.swift in Sources */ = {isa = PBXBuildFile; fileRef = EB16E3892396E8FD003F70A2 /* CardParthCustomMarginsCardController.swift */; };
		C4A61B70002EE2BDD1658194 /* Pods_CardParts_Example.framework in Frameworks */ = {isa = PBXBuildFile; fileRef = 3A8CBD5FBA59826A0B878E44 /* Pods_CardParts_Example.framework */; };
/* End PBXBuildFile section */

/* Begin PBXContainerItemProxy section */
		607FACE61AFB9204008FA782 /* PBXContainerItemProxy */ = {
			isa = PBXContainerItemProxy;
			containerPortal = 607FACC81AFB9204008FA782 /* Project object */;
			proxyType = 1;
			remoteGlobalIDString = 607FACCF1AFB9204008FA782;
			remoteInfo = CardParts;
		};
/* End PBXContainerItemProxy section */

/* Begin PBXFileReference section */
		0019E5D523A1960300ABB19D /* CardPartAttributedTextViewController.swift */ = {isa = PBXFileReference; lastKnownFileType = sourcecode.swift; path = CardPartAttributedTextViewController.swift; sourceTree = "<group>"; };
		1B1E203C22F47A8700734EDA /* CardPartPillLabelCardController.swift */ = {isa = PBXFileReference; lastKnownFileType = sourcecode.swift; path = CardPartPillLabelCardController.swift; sourceTree = "<group>"; };
		1B1E203F22F4ADE900734EDA /* CardPartRoundedStackViewCardController.swift */ = {isa = PBXFileReference; lastKnownFileType = sourcecode.swift; path = CardPartRoundedStackViewCardController.swift; sourceTree = "<group>"; };
		1B1F9540231F3F4900085906 /* CardPartConfettiViewCardController.swift */ = {isa = PBXFileReference; lastKnownFileType = sourcecode.swift; path = CardPartConfettiViewCardController.swift; sourceTree = "<group>"; };
		1B1F9542231FF58300085906 /* ConfettiViewController.swift */ = {isa = PBXFileReference; lastKnownFileType = sourcecode.swift; path = ConfettiViewController.swift; sourceTree = "<group>"; };
		1B5F65402333DA3D001B473F /* CardPartProgressBarViewCardController.swift */ = {isa = PBXFileReference; lastKnownFileType = sourcecode.swift; path = CardPartProgressBarViewCardController.swift; sourceTree = "<group>"; };
		1B693BA0230DAE2900662382 /* CardPartIconLabelCardController.swift */ = {isa = PBXFileReference; lastKnownFileType = sourcecode.swift; path = CardPartIconLabelCardController.swift; sourceTree = "<group>"; };
		1BC4B4E0236762DD00EE7A31 /* CardPartHistogramCardController.swift */ = {isa = PBXFileReference; lastKnownFileType = sourcecode.swift; path = CardPartHistogramCardController.swift; sourceTree = "<group>"; };
		1BCE6B772360AE26006B7325 /* CardPartRadioButtonCardController.swift */ = {isa = PBXFileReference; lastKnownFileType = sourcecode.swift; path = CardPartRadioButtonCardController.swift; sourceTree = "<group>"; };
		1BD1073F22F22823000163D2 /* CardPartBorderViewController.swift */ = {isa = PBXFileReference; lastKnownFileType = sourcecode.swift; path = CardPartBorderViewController.swift; sourceTree = "<group>"; };
		2012C74D23E39ECF00F48EFA /* CardPartMultiSliderViewCardController.swift */ = {isa = PBXFileReference; lastKnownFileType = sourcecode.swift; path = CardPartMultiSliderViewCardController.swift; sourceTree = "<group>"; };
		20F68E7C2405EFC200395102 /* CardPartSwitchViewCardController.swift */ = {isa = PBXFileReference; lastKnownFileType = sourcecode.swift; path = CardPartSwitchViewCardController.swift; sourceTree = "<group>"; };
		2BA2B86E3C2946F91C18390D /* README.md */ = {isa = PBXFileReference; includeInIndex = 1; lastKnownFileType = net.daringfireball.markdown; name = README.md; path = ../README.md; sourceTree = "<group>"; };
		30570F5B2E2268AA7B34EEC0 /* LICENSE */ = {isa = PBXFileReference; includeInIndex = 1; lastKnownFileType = text; name = LICENSE; path = ../LICENSE; sourceTree = "<group>"; };
		3A8CBD5FBA59826A0B878E44 /* Pods_CardParts_Example.framework */ = {isa = PBXFileReference; explicitFileType = wrapper.framework; includeInIndex = 0; path = Pods_CardParts_Example.framework; sourceTree = BUILT_PRODUCTS_DIR; };
		5570914220D18B07004D8E5A /* CardPartOrientedViewCardController.swift */ = {isa = PBXFileReference; lastKnownFileType = sourcecode.swift; path = CardPartOrientedViewCardController.swift; sourceTree = "<group>"; };
		55809E2520DABBF3008BE0D2 /* CardPartCenteredViewCardController.swift */ = {isa = PBXFileReference; lastKnownFileType = sourcecode.swift; path = CardPartCenteredViewCardController.swift; sourceTree = "<group>"; };
		55AB80CE20B61E1700B5994B /* CardUtilsTests.swift */ = {isa = PBXFileReference; lastKnownFileType = sourcecode.swift; path = CardUtilsTests.swift; sourceTree = "<group>"; };
		607FACD01AFB9204008FA782 /* CardParts_Example.app */ = {isa = PBXFileReference; explicitFileType = wrapper.application; includeInIndex = 0; path = CardParts_Example.app; sourceTree = BUILT_PRODUCTS_DIR; };
		607FACD41AFB9204008FA782 /* Info.plist */ = {isa = PBXFileReference; lastKnownFileType = text.plist.xml; path = Info.plist; sourceTree = "<group>"; };
		607FACD51AFB9204008FA782 /* AppDelegate.swift */ = {isa = PBXFileReference; lastKnownFileType = sourcecode.swift; path = AppDelegate.swift; sourceTree = "<group>"; };
		607FACD71AFB9204008FA782 /* MainViewController.swift */ = {isa = PBXFileReference; lastKnownFileType = sourcecode.swift; path = MainViewController.swift; sourceTree = "<group>"; };
		607FACDA1AFB9204008FA782 /* Base */ = {isa = PBXFileReference; lastKnownFileType = file.storyboard; name = Base; path = Base.lproj/Main.storyboard; sourceTree = "<group>"; };
		607FACDC1AFB9204008FA782 /* Images.xcassets */ = {isa = PBXFileReference; lastKnownFileType = folder.assetcatalog; path = Images.xcassets; sourceTree = "<group>"; };
		607FACDF1AFB9204008FA782 /* Base */ = {isa = PBXFileReference; lastKnownFileType = file.xib; name = Base; path = Base.lproj/LaunchScreen.xib; sourceTree = "<group>"; };
		607FACE51AFB9204008FA782 /* CardParts_Tests.xctest */ = {isa = PBXFileReference; explicitFileType = wrapper.cfbundle; includeInIndex = 0; path = CardParts_Tests.xctest; sourceTree = BUILT_PRODUCTS_DIR; };
		607FACEA1AFB9204008FA782 /* Info.plist */ = {isa = PBXFileReference; lastKnownFileType = text.plist.xml; path = Info.plist; sourceTree = "<group>"; };
		61D470611FDA6D1A00F451F0 /* StateCardController.swift */ = {isa = PBXFileReference; fileEncoding = 4; lastKnownFileType = sourcecode.swift; path = StateCardController.swift; sourceTree = "<group>"; };
		61D470641FDA6D1A00F451F0 /* ReactiveCardController.swift */ = {isa = PBXFileReference; fileEncoding = 4; lastKnownFileType = sourcecode.swift; path = ReactiveCardController.swift; sourceTree = "<group>"; };
		61D470691FDA709B00F451F0 /* CardPartTableViewCellTests.swift */ = {isa = PBXFileReference; fileEncoding = 4; lastKnownFileType = sourcecode.swift; path = CardPartTableViewCellTests.swift; sourceTree = "<group>"; };
		61D4706A1FDA709B00F451F0 /* CardPartImageViewTests.swift */ = {isa = PBXFileReference; fileEncoding = 4; lastKnownFileType = sourcecode.swift; path = CardPartImageViewTests.swift; sourceTree = "<group>"; };
		61D4706B1FDA709B00F451F0 /* CardPartTitleViewTests.swift */ = {isa = PBXFileReference; fileEncoding = 4; lastKnownFileType = sourcecode.swift; path = CardPartTitleViewTests.swift; sourceTree = "<group>"; };
		61D4706C1FDA709B00F451F0 /* CardPartSeparatorViewTests.swift */ = {isa = PBXFileReference; fileEncoding = 4; lastKnownFileType = sourcecode.swift; path = CardPartSeparatorViewTests.swift; sourceTree = "<group>"; };
		61D4706D1FDA709B00F451F0 /* CardPartTextViewTests.swift */ = {isa = PBXFileReference; fileEncoding = 4; lastKnownFileType = sourcecode.swift; path = CardPartTextViewTests.swift; sourceTree = "<group>"; };
		61D4706E1FDA709B00F451F0 /* CardPartButtonViewTests.swift */ = {isa = PBXFileReference; fileEncoding = 4; lastKnownFileType = sourcecode.swift; path = CardPartButtonViewTests.swift; sourceTree = "<group>"; };
		61D4706F1FDA709B00F451F0 /* CardPartSpacerViewTests.swift */ = {isa = PBXFileReference; fileEncoding = 4; lastKnownFileType = sourcecode.swift; path = CardPartSpacerViewTests.swift; sourceTree = "<group>"; };
		61D470841FDB08EE00F451F0 /* CardPartTitleDescriptionViewTests.swift */ = {isa = PBXFileReference; lastKnownFileType = sourcecode.swift; path = CardPartTitleDescriptionViewTests.swift; sourceTree = "<group>"; };
		69EC0ADC6D3429CB605C66DD /* Pods-CardParts_Example.debug.xcconfig */ = {isa = PBXFileReference; includeInIndex = 1; lastKnownFileType = text.xcconfig; name = "Pods-CardParts_Example.debug.xcconfig"; path = "Target Support Files/Pods-CardParts_Example/Pods-CardParts_Example.debug.xcconfig"; sourceTree = "<group>"; };
		7021D3D120B5FA8600F9CB80 /* ThemedCardController.swift */ = {isa = PBXFileReference; lastKnownFileType = sourcecode.swift; path = ThemedCardController.swift; sourceTree = "<group>"; };
		7051279A20B5D35900B8E635 /* CardPartBarViewCardController.swift */ = {isa = PBXFileReference; lastKnownFileType = sourcecode.swift; path = CardPartBarViewCardController.swift; sourceTree = "<group>"; };
		7051279C20B5D3D900B8E635 /* CardPartPagedViewCardController.swift */ = {isa = PBXFileReference; lastKnownFileType = sourcecode.swift; path = CardPartPagedViewCardController.swift; sourceTree = "<group>"; };
		7051279E20B5E2ED00B8E635 /* CardPartTextFieldCardController.swift */ = {isa = PBXFileReference; lastKnownFileType = sourcecode.swift; path = CardPartTextFieldCardController.swift; sourceTree = "<group>"; };
		705127A020B5E52600B8E635 /* CardPartSliderViewCardController.swift */ = {isa = PBXFileReference; lastKnownFileType = sourcecode.swift; path = CardPartSliderViewCardController.swift; sourceTree = "<group>"; };
		70BB3BF320FF89A500F55D57 /* CardPartTitleDescriptionViewCardController.swift */ = {isa = PBXFileReference; lastKnownFileType = sourcecode.swift; path = CardPartTitleDescriptionViewCardController.swift; sourceTree = "<group>"; };
		70F595CD20B5C4D700B6E688 /* ThemeViewController.swift */ = {isa = PBXFileReference; lastKnownFileType = sourcecode.swift; path = ThemeViewController.swift; sourceTree = "<group>"; };
		70F595CF20B5C56200B6E688 /* CardPartTextViewCardController.swift */ = {isa = PBXFileReference; lastKnownFileType = sourcecode.swift; path = CardPartTextViewCardController.swift; sourceTree = "<group>"; };
		70F595D120B5C66100B6E688 /* CardPartImageViewCardController.swift */ = {isa = PBXFileReference; lastKnownFileType = sourcecode.swift; path = CardPartImageViewCardController.swift; sourceTree = "<group>"; };
		70F595D320B5C7B300B6E688 /* CardPartButtonViewCardController.swift */ = {isa = PBXFileReference; lastKnownFileType = sourcecode.swift; path = CardPartButtonViewCardController.swift; sourceTree = "<group>"; };
		70F595D520B5C87300B6E688 /* CardPartTitleViewCardController.swift */ = {isa = PBXFileReference; lastKnownFileType = sourcecode.swift; path = CardPartTitleViewCardController.swift; sourceTree = "<group>"; };
		70F595D720B5C95700B6E688 /* CardPartSeparatorViewCardController.swift */ = {isa = PBXFileReference; lastKnownFileType = sourcecode.swift; path = CardPartSeparatorViewCardController.swift; sourceTree = "<group>"; };
		70F595D920B5C9F200B6E688 /* CardPartStackViewCardController.swift */ = {isa = PBXFileReference; lastKnownFileType = sourcecode.swift; path = CardPartStackViewCardController.swift; sourceTree = "<group>"; };
		70F595DB20B5CAF800B6E688 /* CardPartTableViewCardController.swift */ = {isa = PBXFileReference; lastKnownFileType = sourcecode.swift; path = CardPartTableViewCardController.swift; sourceTree = "<group>"; };
		70F595DF20B5CDCE00B6E688 /* CardPartCollectionViewCardController.swift */ = {isa = PBXFileReference; lastKnownFileType = sourcecode.swift; path = CardPartCollectionViewCardController.swift; sourceTree = "<group>"; };
		80F3C7652348F32300F5D271 /* CardPartMapViewCardController.swift */ = {isa = PBXFileReference; lastKnownFileType = sourcecode.swift; path = CardPartMapViewCardController.swift; sourceTree = "<group>"; };
		80F3C767234ADA7900F5D271 /* CardPartMapViewTests.swift */ = {isa = PBXFileReference; lastKnownFileType = sourcecode.swift; path = CardPartMapViewTests.swift; sourceTree = "<group>"; };
		9A33961E2410208D00167DD5 /* CardPartsBottomSheetTests.swift */ = {isa = PBXFileReference; lastKnownFileType = sourcecode.swift; path = CardPartsBottomSheetTests.swift; sourceTree = "<group>"; };
		9A9AE5C223FBA72D0006E1EC /* CardPartBottomSheetCardController.swift */ = {isa = PBXFileReference; lastKnownFileType = sourcecode.swift; path = CardPartBottomSheetCardController.swift; sourceTree = "<group>"; };
		B21177744B384387575CB614 /* Pods-CardParts_Tests.debug.xcconfig */ = {isa = PBXFileReference; includeInIndex = 1; lastKnownFileType = text.xcconfig; name = "Pods-CardParts_Tests.debug.xcconfig"; path = "Target Support Files/Pods-CardParts_Tests/Pods-CardParts_Tests.debug.xcconfig"; sourceTree = "<group>"; };
		E768E0B2422010080EDB1A52 /* Pods-CardParts_Tests.release.xcconfig */ = {isa = PBXFileReference; includeInIndex = 1; lastKnownFileType = text.xcconfig; name = "Pods-CardParts_Tests.release.xcconfig"; path = "Pods/Target Support Files/Pods-CardParts_Tests/Pods-CardParts_Tests.release.xcconfig"; sourceTree = "<group>"; };
		EB16E3892396E8FD003F70A2 /* CardParthCustomMarginsCardController.swift */ = {isa = PBXFileReference; lastKnownFileType = sourcecode.swift; path = CardParthCustomMarginsCardController.swift; sourceTree = "<group>"; };
		9C1986106E7F060E20B3DE1E /* Pods-CardParts_Tests.debug.xcconfig */ = {isa = PBXFileReference; includeInIndex = 1; lastKnownFileType = text.xcconfig; name = "Pods-CardParts_Tests.debug.xcconfig"; path = "Target Support Files/Pods-CardParts_Tests/Pods-CardParts_Tests.debug.xcconfig"; sourceTree = "<group>"; };
		C2FF4E2B43A7D0CE08F17CA7 /* Pods_CardParts_Tests.framework */ = {isa = PBXFileReference; explicitFileType = wrapper.framework; includeInIndex = 0; path = Pods_CardParts_Tests.framework; sourceTree = BUILT_PRODUCTS_DIR; };
		E5A5CAD428F49767A3C551A5 /* Pods-CardParts_Example.release.xcconfig */ = {isa = PBXFileReference; includeInIndex = 1; lastKnownFileType = text.xcconfig; name = "Pods-CardParts_Example.release.xcconfig"; path = "Target Support Files/Pods-CardParts_Example/Pods-CardParts_Example.release.xcconfig"; sourceTree = "<group>"; };
		E87805F09ECF940869D9ADEE /* Pods-CardParts_Tests.release.xcconfig */ = {isa = PBXFileReference; includeInIndex = 1; lastKnownFileType = text.xcconfig; name = "Pods-CardParts_Tests.release.xcconfig"; path = "Target Support Files/Pods-CardParts_Tests/Pods-CardParts_Tests.release.xcconfig"; sourceTree = "<group>"; };
		ED96724FD3D3088F4E52A4B3 /* CardParts.podspec */ = {isa = PBXFileReference; includeInIndex = 1; lastKnownFileType = text; name = CardParts.podspec; path = ../CardParts.podspec; sourceTree = "<group>"; xcLanguageSpecificationIdentifier = xcode.lang.ruby; };
/* End PBXFileReference section */

/* Begin PBXFrameworksBuildPhase section */
		607FACCD1AFB9204008FA782 /* Frameworks */ = {
			isa = PBXFrameworksBuildPhase;
			buildActionMask = 2147483647;
			files = (
				C4A61B70002EE2BDD1658194 /* Pods_CardParts_Example.framework in Frameworks */,
			);
			runOnlyForDeploymentPostprocessing = 0;
		};
		607FACE21AFB9204008FA782 /* Frameworks */ = {
			isa = PBXFrameworksBuildPhase;
			buildActionMask = 2147483647;
			files = (
				7103BDEE9A134BAD4917AC05 /* Pods_CardParts_Tests.framework in Frameworks */,
			);
			runOnlyForDeploymentPostprocessing = 0;
		};
/* End PBXFrameworksBuildPhase section */

/* Begin PBXGroup section */
		607FACC71AFB9204008FA782 = {
			isa = PBXGroup;
			children = (
				607FACF51AFB993E008FA782 /* Podspec Metadata */,
				607FACD21AFB9204008FA782 /* Example for CardParts */,
				607FACE81AFB9204008FA782 /* Tests */,
				607FACD11AFB9204008FA782 /* Products */,
				BABC66A8CBE4FFFB18E62FFE /* Pods */,
				A2C2FE6DFC42DFA2226B7D2C /* Frameworks */,
			);
			sourceTree = "<group>";
		};
		607FACD11AFB9204008FA782 /* Products */ = {
			isa = PBXGroup;
			children = (
				607FACD01AFB9204008FA782 /* CardParts_Example.app */,
				607FACE51AFB9204008FA782 /* CardParts_Tests.xctest */,
			);
			name = Products;
			sourceTree = "<group>";
		};
		607FACD21AFB9204008FA782 /* Example for CardParts */ = {
			isa = PBXGroup;
			children = (
				607FACD51AFB9204008FA782 /* AppDelegate.swift */,
				607FACD71AFB9204008FA782 /* MainViewController.swift */,
				70F595CD20B5C4D700B6E688 /* ThemeViewController.swift */,
				1B1F9542231FF58300085906 /* ConfettiViewController.swift */,
				7065C70220B5C2C200ED5099 /* Type of CardParts */,
				607FACD91AFB9204008FA782 /* Main.storyboard */,
				607FACDC1AFB9204008FA782 /* Images.xcassets */,
				607FACDE1AFB9204008FA782 /* LaunchScreen.xib */,
				607FACD31AFB9204008FA782 /* Supporting Files */,
			);
			name = "Example for CardParts";
			path = CardParts;
			sourceTree = "<group>";
		};
		607FACD31AFB9204008FA782 /* Supporting Files */ = {
			isa = PBXGroup;
			children = (
				607FACD41AFB9204008FA782 /* Info.plist */,
			);
			name = "Supporting Files";
			sourceTree = "<group>";
		};
		607FACE81AFB9204008FA782 /* Tests */ = {
			isa = PBXGroup;
			children = (
				61D4706E1FDA709B00F451F0 /* CardPartButtonViewTests.swift */,
				61D4706A1FDA709B00F451F0 /* CardPartImageViewTests.swift */,
				9A33961E2410208D00167DD5 /* CardPartsBottomSheetTests.swift */,
				80F3C767234ADA7900F5D271 /* CardPartMapViewTests.swift */,
				61D4706C1FDA709B00F451F0 /* CardPartSeparatorViewTests.swift */,
				61D4706F1FDA709B00F451F0 /* CardPartSpacerViewTests.swift */,
				61D470691FDA709B00F451F0 /* CardPartTableViewCellTests.swift */,
				61D4706D1FDA709B00F451F0 /* CardPartTextViewTests.swift */,
				61D4706B1FDA709B00F451F0 /* CardPartTitleViewTests.swift */,
				61D470841FDB08EE00F451F0 /* CardPartTitleDescriptionViewTests.swift */,
				607FACE91AFB9204008FA782 /* Supporting Files */,
				55AB80CE20B61E1700B5994B /* CardUtilsTests.swift */,
			);
			path = Tests;
			sourceTree = "<group>";
		};
		607FACE91AFB9204008FA782 /* Supporting Files */ = {
			isa = PBXGroup;
			children = (
				607FACEA1AFB9204008FA782 /* Info.plist */,
			);
			name = "Supporting Files";
			sourceTree = "<group>";
		};
		607FACF51AFB993E008FA782 /* Podspec Metadata */ = {
			isa = PBXGroup;
			children = (
				ED96724FD3D3088F4E52A4B3 /* CardParts.podspec */,
				2BA2B86E3C2946F91C18390D /* README.md */,
				30570F5B2E2268AA7B34EEC0 /* LICENSE */,
			);
			name = "Podspec Metadata";
			sourceTree = "<group>";
		};
		7065C70220B5C2C200ED5099 /* Type of CardParts */ = {
			isa = PBXGroup;
			children = (
				61D470641FDA6D1A00F451F0 /* ReactiveCardController.swift */,
				61D470611FDA6D1A00F451F0 /* StateCardController.swift */,
				70F595CF20B5C56200B6E688 /* CardPartTextViewCardController.swift */,
				0019E5D523A1960300ABB19D /* CardPartAttributedTextViewController.swift */,
				70F595D120B5C66100B6E688 /* CardPartImageViewCardController.swift */,
				70F595D320B5C7B300B6E688 /* CardPartButtonViewCardController.swift */,
				70F595D520B5C87300B6E688 /* CardPartTitleViewCardController.swift */,
				70F595D720B5C95700B6E688 /* CardPartSeparatorViewCardController.swift */,
				70F595D920B5C9F200B6E688 /* CardPartStackViewCardController.swift */,
				70F595DB20B5CAF800B6E688 /* CardPartTableViewCardController.swift */,
				70F595DF20B5CDCE00B6E688 /* CardPartCollectionViewCardController.swift */,
				7051279A20B5D35900B8E635 /* CardPartBarViewCardController.swift */,
				7051279C20B5D3D900B8E635 /* CardPartPagedViewCardController.swift */,
				7051279E20B5E2ED00B8E635 /* CardPartTextFieldCardController.swift */,
				705127A020B5E52600B8E635 /* CardPartSliderViewCardController.swift */,
				9A9AE5C223FBA72D0006E1EC /* CardPartBottomSheetCardController.swift */,
				7021D3D120B5FA8600F9CB80 /* ThemedCardController.swift */,
				5570914220D18B07004D8E5A /* CardPartOrientedViewCardController.swift */,
				55809E2520DABBF3008BE0D2 /* CardPartCenteredViewCardController.swift */,
				70BB3BF320FF89A500F55D57 /* CardPartTitleDescriptionViewCardController.swift */,
				1BD1073F22F22823000163D2 /* CardPartBorderViewController.swift */,
				1B1E203C22F47A8700734EDA /* CardPartPillLabelCardController.swift */,
				1B1E203F22F4ADE900734EDA /* CardPartRoundedStackViewCardController.swift */,
				1B693BA0230DAE2900662382 /* CardPartIconLabelCardController.swift */,
				1B1F9540231F3F4900085906 /* CardPartConfettiViewCardController.swift */,
				1B5F65402333DA3D001B473F /* CardPartProgressBarViewCardController.swift */,
				80F3C7652348F32300F5D271 /* CardPartMapViewCardController.swift */,
				1BCE6B772360AE26006B7325 /* CardPartRadioButtonCardController.swift */,
				1BC4B4E0236762DD00EE7A31 /* CardPartHistogramCardController.swift */,
				EB16E3892396E8FD003F70A2 /* CardParthCustomMarginsCardController.swift */,
				2012C74D23E39ECF00F48EFA /* CardPartMultiSliderViewCardController.swift */,
				20F68E7C2405EFC200395102 /* CardPartSwitchViewCardController.swift */,
			);
			name = "Type of CardParts";
			sourceTree = "<group>";
		};
		A2C2FE6DFC42DFA2226B7D2C /* Frameworks */ = {
			isa = PBXGroup;
			children = (
				3A8CBD5FBA59826A0B878E44 /* Pods_CardParts_Example.framework */,
				C2FF4E2B43A7D0CE08F17CA7 /* Pods_CardParts_Tests.framework */,
			);
			name = Frameworks;
			sourceTree = "<group>";
		};
		BABC66A8CBE4FFFB18E62FFE /* Pods */ = {
			isa = PBXGroup;
			children = (
				69EC0ADC6D3429CB605C66DD /* Pods-CardParts_Example.debug.xcconfig */,
				E5A5CAD428F49767A3C551A5 /* Pods-CardParts_Example.release.xcconfig */,
				9C1986106E7F060E20B3DE1E /* Pods-CardParts_Tests.debug.xcconfig */,
				E87805F09ECF940869D9ADEE /* Pods-CardParts_Tests.release.xcconfig */,
			);
			path = Pods;
			sourceTree = "<group>";
		};
/* End PBXGroup section */

/* Begin PBXNativeTarget section */
		607FACCF1AFB9204008FA782 /* CardParts_Example */ = {
			isa = PBXNativeTarget;
			buildConfigurationList = 607FACEF1AFB9204008FA782 /* Build configuration list for PBXNativeTarget "CardParts_Example" */;
			buildPhases = (
				1F536BA041CAAF2388243E9C /* [CP] Check Pods Manifest.lock */,
				607FACCC1AFB9204008FA782 /* Sources */,
				607FACCD1AFB9204008FA782 /* Frameworks */,
				607FACCE1AFB9204008FA782 /* Resources */,
				2EE1472D916DECF16C0FC6C5 /* [CP] Embed Pods Frameworks */,
			);
			buildRules = (
			);
			dependencies = (
			);
			name = CardParts_Example;
			productName = CardParts;
			productReference = 607FACD01AFB9204008FA782 /* CardParts_Example.app */;
			productType = "com.apple.product-type.application";
		};
		607FACE41AFB9204008FA782 /* CardParts_Tests */ = {
			isa = PBXNativeTarget;
			buildConfigurationList = 607FACF21AFB9204008FA782 /* Build configuration list for PBXNativeTarget "CardParts_Tests" */;
			buildPhases = (
				36AF48F8B8951914311392E9 /* [CP] Check Pods Manifest.lock */,
				607FACE11AFB9204008FA782 /* Sources */,
				607FACE21AFB9204008FA782 /* Frameworks */,
				607FACE31AFB9204008FA782 /* Resources */,
				A22914B74541F5625F7A31F0 /* [CP] Embed Pods Frameworks */,
			);
			buildRules = (
			);
			dependencies = (
				607FACE71AFB9204008FA782 /* PBXTargetDependency */,
			);
			name = CardParts_Tests;
			productName = Tests;
			productReference = 607FACE51AFB9204008FA782 /* CardParts_Tests.xctest */;
			productType = "com.apple.product-type.bundle.unit-test";
		};
/* End PBXNativeTarget section */

/* Begin PBXProject section */
		607FACC81AFB9204008FA782 /* Project object */ = {
			isa = PBXProject;
			attributes = {
				LastSwiftUpdateCheck = 0830;
				LastUpgradeCheck = 1020;
				ORGANIZATIONNAME = CocoaPods;
				TargetAttributes = {
					607FACCF1AFB9204008FA782 = {
						CreatedOnToolsVersion = 6.3.1;
						LastSwiftMigration = 1020;
						ProvisioningStyle = Manual;
					};
					607FACE41AFB9204008FA782 = {
						CreatedOnToolsVersion = 6.3.1;
						LastSwiftMigration = 1020;
						ProvisioningStyle = Manual;
						TestTargetID = 607FACCF1AFB9204008FA782;
					};
				};
			};
			buildConfigurationList = 607FACCB1AFB9204008FA782 /* Build configuration list for PBXProject "CardParts" */;
			compatibilityVersion = "Xcode 3.2";
			developmentRegion = en;
			hasScannedForEncodings = 0;
			knownRegions = (
				en,
				Base,
			);
			mainGroup = 607FACC71AFB9204008FA782;
			productRefGroup = 607FACD11AFB9204008FA782 /* Products */;
			projectDirPath = "";
			projectRoot = "";
			targets = (
				607FACCF1AFB9204008FA782 /* CardParts_Example */,
				607FACE41AFB9204008FA782 /* CardParts_Tests */,
			);
		};
/* End PBXProject section */

/* Begin PBXResourcesBuildPhase section */
		607FACCE1AFB9204008FA782 /* Resources */ = {
			isa = PBXResourcesBuildPhase;
			buildActionMask = 2147483647;
			files = (
				607FACDB1AFB9204008FA782 /* Main.storyboard in Resources */,
				607FACE01AFB9204008FA782 /* LaunchScreen.xib in Resources */,
				607FACDD1AFB9204008FA782 /* Images.xcassets in Resources */,
			);
			runOnlyForDeploymentPostprocessing = 0;
		};
		607FACE31AFB9204008FA782 /* Resources */ = {
			isa = PBXResourcesBuildPhase;
			buildActionMask = 2147483647;
			files = (
			);
			runOnlyForDeploymentPostprocessing = 0;
		};
/* End PBXResourcesBuildPhase section */

/* Begin PBXShellScriptBuildPhase section */
		1F536BA041CAAF2388243E9C /* [CP] Check Pods Manifest.lock */ = {
			isa = PBXShellScriptBuildPhase;
			buildActionMask = 2147483647;
			files = (
			);
			inputFileListPaths = (
			);
			inputPaths = (
				"${PODS_PODFILE_DIR_PATH}/Podfile.lock",
				"${PODS_ROOT}/Manifest.lock",
			);
			name = "[CP] Check Pods Manifest.lock";
			outputFileListPaths = (
			);
			outputPaths = (
				"$(DERIVED_FILE_DIR)/Pods-CardParts_Example-checkManifestLockResult.txt",
			);
			runOnlyForDeploymentPostprocessing = 0;
			shellPath = /bin/sh;
			shellScript = "diff \"${PODS_PODFILE_DIR_PATH}/Podfile.lock\" \"${PODS_ROOT}/Manifest.lock\" > /dev/null\nif [ $? != 0 ] ; then\n    # print error to STDERR\n    echo \"error: The sandbox is not in sync with the Podfile.lock. Run 'pod install' or update your CocoaPods installation.\" >&2\n    exit 1\nfi\n# This output is used by Xcode 'outputs' to avoid re-running this script phase.\necho \"SUCCESS\" > \"${SCRIPT_OUTPUT_FILE_0}\"\n";
			showEnvVarsInLog = 0;
		};
		2EE1472D916DECF16C0FC6C5 /* [CP] Embed Pods Frameworks */ = {
			isa = PBXShellScriptBuildPhase;
			buildActionMask = 2147483647;
			files = (
			);
			inputPaths = (
				"${PODS_ROOT}/Target Support Files/Pods-CardParts_Example/Pods-CardParts_Example-frameworks.sh",
				"${BUILT_PRODUCTS_DIR}/CardParts/CardParts.framework",
				"${BUILT_PRODUCTS_DIR}/Differentiator/Differentiator.framework",
				"${BUILT_PRODUCTS_DIR}/RxCocoa/RxCocoa.framework",
				"${BUILT_PRODUCTS_DIR}/RxDataSources/RxDataSources.framework",
				"${BUILT_PRODUCTS_DIR}/RxGesture/RxGesture.framework",
				"${BUILT_PRODUCTS_DIR}/RxSwift/RxSwift.framework",
			);
			name = "[CP] Embed Pods Frameworks";
			outputPaths = (
				"${TARGET_BUILD_DIR}/${FRAMEWORKS_FOLDER_PATH}/CardParts.framework",
				"${TARGET_BUILD_DIR}/${FRAMEWORKS_FOLDER_PATH}/Differentiator.framework",
				"${TARGET_BUILD_DIR}/${FRAMEWORKS_FOLDER_PATH}/RxCocoa.framework",
				"${TARGET_BUILD_DIR}/${FRAMEWORKS_FOLDER_PATH}/RxDataSources.framework",
				"${TARGET_BUILD_DIR}/${FRAMEWORKS_FOLDER_PATH}/RxGesture.framework",
				"${TARGET_BUILD_DIR}/${FRAMEWORKS_FOLDER_PATH}/RxSwift.framework",
			);
			runOnlyForDeploymentPostprocessing = 0;
			shellPath = /bin/sh;
			shellScript = "\"${PODS_ROOT}/Target Support Files/Pods-CardParts_Example/Pods-CardParts_Example-frameworks.sh\"\n";
			showEnvVarsInLog = 0;
		};
		36AF48F8B8951914311392E9 /* [CP] Check Pods Manifest.lock */ = {
			isa = PBXShellScriptBuildPhase;
			buildActionMask = 2147483647;
			files = (
			);
			inputFileListPaths = (
			);
			inputPaths = (
				"${PODS_PODFILE_DIR_PATH}/Podfile.lock",
				"${PODS_ROOT}/Manifest.lock",
			);
			name = "[CP] Check Pods Manifest.lock";
			outputFileListPaths = (
			);
			outputPaths = (
				"$(DERIVED_FILE_DIR)/Pods-CardParts_Tests-checkManifestLockResult.txt",
			);
			runOnlyForDeploymentPostprocessing = 0;
			shellPath = /bin/sh;
			shellScript = "diff \"${PODS_PODFILE_DIR_PATH}/Podfile.lock\" \"${PODS_ROOT}/Manifest.lock\" > /dev/null\nif [ $? != 0 ] ; then\n    # print error to STDERR\n    echo \"error: The sandbox is not in sync with the Podfile.lock. Run 'pod install' or update your CocoaPods installation.\" >&2\n    exit 1\nfi\n# This output is used by Xcode 'outputs' to avoid re-running this script phase.\necho \"SUCCESS\" > \"${SCRIPT_OUTPUT_FILE_0}\"\n";
			showEnvVarsInLog = 0;
		};
		A22914B74541F5625F7A31F0 /* [CP] Embed Pods Frameworks */ = {
			isa = PBXShellScriptBuildPhase;
			buildActionMask = 2147483647;
			files = (
			);
			inputPaths = (
				"${PODS_ROOT}/Target Support Files/Pods-CardParts_Tests/Pods-CardParts_Tests-frameworks.sh",
				"${BUILT_PRODUCTS_DIR}/CardParts/CardParts.framework",
				"${BUILT_PRODUCTS_DIR}/Differentiator/Differentiator.framework",
				"${BUILT_PRODUCTS_DIR}/RxCocoa/RxCocoa.framework",
				"${BUILT_PRODUCTS_DIR}/RxDataSources/RxDataSources.framework",
				"${BUILT_PRODUCTS_DIR}/RxGesture/RxGesture.framework",
				"${BUILT_PRODUCTS_DIR}/RxSwift/RxSwift.framework",
			);
			name = "[CP] Embed Pods Frameworks";
			outputPaths = (
				"${TARGET_BUILD_DIR}/${FRAMEWORKS_FOLDER_PATH}/CardParts.framework",
				"${TARGET_BUILD_DIR}/${FRAMEWORKS_FOLDER_PATH}/Differentiator.framework",
				"${TARGET_BUILD_DIR}/${FRAMEWORKS_FOLDER_PATH}/RxCocoa.framework",
				"${TARGET_BUILD_DIR}/${FRAMEWORKS_FOLDER_PATH}/RxDataSources.framework",
				"${TARGET_BUILD_DIR}/${FRAMEWORKS_FOLDER_PATH}/RxGesture.framework",
				"${TARGET_BUILD_DIR}/${FRAMEWORKS_FOLDER_PATH}/RxSwift.framework",
			);
			runOnlyForDeploymentPostprocessing = 0;
			shellPath = /bin/sh;
			shellScript = "\"${PODS_ROOT}/Target Support Files/Pods-CardParts_Tests/Pods-CardParts_Tests-frameworks.sh\"\n";
			showEnvVarsInLog = 0;
		};
/* End PBXShellScriptBuildPhase section */

/* Begin PBXSourcesBuildPhase section */
		607FACCC1AFB9204008FA782 /* Sources */ = {
			isa = PBXSourcesBuildPhase;
			buildActionMask = 2147483647;
			files = (
				607FACD81AFB9204008FA782 /* MainViewController.swift in Sources */,
				0019E5D623A1960300ABB19D /* CardPartAttributedTextViewController.swift in Sources */,
				20F68E7D2405EFC200395102 /* CardPartSwitchViewCardController.swift in Sources */,
				70F595D220B5C66100B6E688 /* CardPartImageViewCardController.swift in Sources */,
				9A9AE5C323FBA72D0006E1EC /* CardPartBottomSheetCardController.swift in Sources */,
				61D470681FDA6D1B00F451F0 /* ReactiveCardController.swift in Sources */,
				1B1E203D22F47A8700734EDA /* CardPartPillLabelCardController.swift in Sources */,
				70F595CE20B5C4D700B6E688 /* ThemeViewController.swift in Sources */,
				61D470651FDA6D1B00F451F0 /* StateCardController.swift in Sources */,
				7051279B20B5D35900B8E635 /* CardPartBarViewCardController.swift in Sources */,
				1B1F9541231F3F4900085906 /* CardPartConfettiViewCardController.swift in Sources */,
				705127A120B5E52600B8E635 /* CardPartSliderViewCardController.swift in Sources */,
				607FACD61AFB9204008FA782 /* AppDelegate.swift in Sources */,
				7021D3D220B5FA8600F9CB80 /* ThemedCardController.swift in Sources */,
				70F595E020B5CDCE00B6E688 /* CardPartCollectionViewCardController.swift in Sources */,
				1BCE6B782360AE26006B7325 /* CardPartRadioButtonCardController.swift in Sources */,
				1BC4B4E1236762DD00EE7A31 /* CardPartHistogramCardController.swift in Sources */,
				70F595D820B5C95700B6E688 /* CardPartSeparatorViewCardController.swift in Sources */,
				7051279D20B5D3D900B8E635 /* CardPartPagedViewCardController.swift in Sources */,
				70F595DC20B5CAF800B6E688 /* CardPartTableViewCardController.swift in Sources */,
				7051279F20B5E2ED00B8E635 /* CardPartTextFieldCardController.swift in Sources */,
				EB16E38A2396E8FD003F70A2 /* CardParthCustomMarginsCardController.swift in Sources */,
				2012C74E23E39ED000F48EFA /* CardPartMultiSliderViewCardController.swift in Sources */,
				70BB3BF420FF89A500F55D57 /* CardPartTitleDescriptionViewCardController.swift in Sources */,
				1B1E204022F4ADE900734EDA /* CardPartRoundedStackViewCardController.swift in Sources */,
				1B693BA1230DAE2900662382 /* CardPartIconLabelCardController.swift in Sources */,
				1B1F9543231FF58400085906 /* ConfettiViewController.swift in Sources */,
				70F595D020B5C56200B6E688 /* CardPartTextViewCardController.swift in Sources */,
				70F595D420B5C7B300B6E688 /* CardPartButtonViewCardController.swift in Sources */,
				70F595D620B5C87300B6E688 /* CardPartTitleViewCardController.swift in Sources */,
				70F595DA20B5C9F200B6E688 /* CardPartStackViewCardController.swift in Sources */,
				5570914320D18B07004D8E5A /* CardPartOrientedViewCardController.swift in Sources */,
				55809E2620DABBF3008BE0D2 /* CardPartCenteredViewCardController.swift in Sources */,
				80F3C7662348F32300F5D271 /* CardPartMapViewCardController.swift in Sources */,
				1B5F65412333DA3D001B473F /* CardPartProgressBarViewCardController.swift in Sources */,
				1BD1074022F22823000163D2 /* CardPartBorderViewController.swift in Sources */,
			);
			runOnlyForDeploymentPostprocessing = 0;
		};
		607FACE11AFB9204008FA782 /* Sources */ = {
			isa = PBXSourcesBuildPhase;
			buildActionMask = 2147483647;
			files = (
				80F3C768234ADA7900F5D271 /* CardPartMapViewTests.swift in Sources */,
				61D470751FDA709B00F451F0 /* CardPartButtonViewTests.swift in Sources */,
				61D470721FDA709B00F451F0 /* CardPartTitleViewTests.swift in Sources */,
				55AB80CF20B61E1700B5994B /* CardUtilsTests.swift in Sources */,
				9A33961F2410208D00167DD5 /* CardPartsBottomSheetTests.swift in Sources */,
				61D470731FDA709B00F451F0 /* CardPartSeparatorViewTests.swift in Sources */,
				61D470741FDA709B00F451F0 /* CardPartTextViewTests.swift in Sources */,
				61D470711FDA709B00F451F0 /* CardPartImageViewTests.swift in Sources */,
				61D470761FDA709B00F451F0 /* CardPartSpacerViewTests.swift in Sources */,
				61D470701FDA709B00F451F0 /* CardPartTableViewCellTests.swift in Sources */,
				61D470851FDB08EE00F451F0 /* CardPartTitleDescriptionViewTests.swift in Sources */,
			);
			runOnlyForDeploymentPostprocessing = 0;
		};
/* End PBXSourcesBuildPhase section */

/* Begin PBXTargetDependency section */
		607FACE71AFB9204008FA782 /* PBXTargetDependency */ = {
			isa = PBXTargetDependency;
			target = 607FACCF1AFB9204008FA782 /* CardParts_Example */;
			targetProxy = 607FACE61AFB9204008FA782 /* PBXContainerItemProxy */;
		};
/* End PBXTargetDependency section */

/* Begin PBXVariantGroup section */
		607FACD91AFB9204008FA782 /* Main.storyboard */ = {
			isa = PBXVariantGroup;
			children = (
				607FACDA1AFB9204008FA782 /* Base */,
			);
			name = Main.storyboard;
			sourceTree = "<group>";
		};
		607FACDE1AFB9204008FA782 /* LaunchScreen.xib */ = {
			isa = PBXVariantGroup;
			children = (
				607FACDF1AFB9204008FA782 /* Base */,
			);
			name = LaunchScreen.xib;
			sourceTree = "<group>";
		};
/* End PBXVariantGroup section */

/* Begin XCBuildConfiguration section */
		607FACED1AFB9204008FA782 /* Debug */ = {
			isa = XCBuildConfiguration;
			buildSettings = {
				ALWAYS_SEARCH_USER_PATHS = NO;
				CLANG_CXX_LANGUAGE_STANDARD = "gnu++0x";
				CLANG_CXX_LIBRARY = "libc++";
				CLANG_ENABLE_MODULES = YES;
				CLANG_ENABLE_OBJC_ARC = YES;
				CLANG_WARN_BLOCK_CAPTURE_AUTORELEASING = YES;
				CLANG_WARN_BOOL_CONVERSION = YES;
				CLANG_WARN_COMMA = YES;
				CLANG_WARN_CONSTANT_CONVERSION = YES;
				CLANG_WARN_DEPRECATED_OBJC_IMPLEMENTATIONS = YES;
				CLANG_WARN_DIRECT_OBJC_ISA_USAGE = YES_ERROR;
				CLANG_WARN_EMPTY_BODY = YES;
				CLANG_WARN_ENUM_CONVERSION = YES;
				CLANG_WARN_INFINITE_RECURSION = YES;
				CLANG_WARN_INT_CONVERSION = YES;
				CLANG_WARN_NON_LITERAL_NULL_CONVERSION = YES;
				CLANG_WARN_OBJC_IMPLICIT_RETAIN_SELF = YES;
				CLANG_WARN_OBJC_LITERAL_CONVERSION = YES;
				CLANG_WARN_OBJC_ROOT_CLASS = YES_ERROR;
				CLANG_WARN_RANGE_LOOP_ANALYSIS = YES;
				CLANG_WARN_STRICT_PROTOTYPES = YES;
				CLANG_WARN_SUSPICIOUS_MOVE = YES;
				CLANG_WARN_UNREACHABLE_CODE = YES;
				CLANG_WARN__DUPLICATE_METHOD_MATCH = YES;
				"CODE_SIGN_IDENTITY[sdk=iphoneos*]" = "iPhone Developer";
				COPY_PHASE_STRIP = NO;
				DEBUG_INFORMATION_FORMAT = "dwarf-with-dsym";
				ENABLE_STRICT_OBJC_MSGSEND = YES;
				ENABLE_TESTABILITY = YES;
				GCC_C_LANGUAGE_STANDARD = gnu99;
				GCC_DYNAMIC_NO_PIC = NO;
				GCC_NO_COMMON_BLOCKS = YES;
				GCC_OPTIMIZATION_LEVEL = 0;
				GCC_PREPROCESSOR_DEFINITIONS = (
					"DEBUG=1",
					"$(inherited)",
				);
				GCC_SYMBOLS_PRIVATE_EXTERN = NO;
				GCC_WARN_64_TO_32_BIT_CONVERSION = YES;
				GCC_WARN_ABOUT_RETURN_TYPE = YES_ERROR;
				GCC_WARN_UNDECLARED_SELECTOR = YES;
				GCC_WARN_UNINITIALIZED_AUTOS = YES_AGGRESSIVE;
				GCC_WARN_UNUSED_FUNCTION = YES;
				GCC_WARN_UNUSED_VARIABLE = YES;
				IPHONEOS_DEPLOYMENT_TARGET = 10.0;
				MTL_ENABLE_DEBUG_INFO = YES;
				ONLY_ACTIVE_ARCH = YES;
				SDKROOT = iphoneos;
				SWIFT_OPTIMIZATION_LEVEL = "-Onone";
				SWIFT_VERSION = 4.0;
			};
			name = Debug;
		};
		607FACEE1AFB9204008FA782 /* Release */ = {
			isa = XCBuildConfiguration;
			buildSettings = {
				ALWAYS_SEARCH_USER_PATHS = NO;
				CLANG_CXX_LANGUAGE_STANDARD = "gnu++0x";
				CLANG_CXX_LIBRARY = "libc++";
				CLANG_ENABLE_MODULES = YES;
				CLANG_ENABLE_OBJC_ARC = YES;
				CLANG_WARN_BLOCK_CAPTURE_AUTORELEASING = YES;
				CLANG_WARN_BOOL_CONVERSION = YES;
				CLANG_WARN_COMMA = YES;
				CLANG_WARN_CONSTANT_CONVERSION = YES;
				CLANG_WARN_DEPRECATED_OBJC_IMPLEMENTATIONS = YES;
				CLANG_WARN_DIRECT_OBJC_ISA_USAGE = YES_ERROR;
				CLANG_WARN_EMPTY_BODY = YES;
				CLANG_WARN_ENUM_CONVERSION = YES;
				CLANG_WARN_INFINITE_RECURSION = YES;
				CLANG_WARN_INT_CONVERSION = YES;
				CLANG_WARN_NON_LITERAL_NULL_CONVERSION = YES;
				CLANG_WARN_OBJC_IMPLICIT_RETAIN_SELF = YES;
				CLANG_WARN_OBJC_LITERAL_CONVERSION = YES;
				CLANG_WARN_OBJC_ROOT_CLASS = YES_ERROR;
				CLANG_WARN_RANGE_LOOP_ANALYSIS = YES;
				CLANG_WARN_STRICT_PROTOTYPES = YES;
				CLANG_WARN_SUSPICIOUS_MOVE = YES;
				CLANG_WARN_UNREACHABLE_CODE = YES;
				CLANG_WARN__DUPLICATE_METHOD_MATCH = YES;
				"CODE_SIGN_IDENTITY[sdk=iphoneos*]" = "iPhone Developer";
				COPY_PHASE_STRIP = NO;
				DEBUG_INFORMATION_FORMAT = "dwarf-with-dsym";
				ENABLE_NS_ASSERTIONS = NO;
				ENABLE_STRICT_OBJC_MSGSEND = YES;
				GCC_C_LANGUAGE_STANDARD = gnu99;
				GCC_NO_COMMON_BLOCKS = YES;
				GCC_WARN_64_TO_32_BIT_CONVERSION = YES;
				GCC_WARN_ABOUT_RETURN_TYPE = YES_ERROR;
				GCC_WARN_UNDECLARED_SELECTOR = YES;
				GCC_WARN_UNINITIALIZED_AUTOS = YES_AGGRESSIVE;
				GCC_WARN_UNUSED_FUNCTION = YES;
				GCC_WARN_UNUSED_VARIABLE = YES;
				IPHONEOS_DEPLOYMENT_TARGET = 10.0;
				MTL_ENABLE_DEBUG_INFO = NO;
				SDKROOT = iphoneos;
				SWIFT_OPTIMIZATION_LEVEL = "-Owholemodule";
				SWIFT_VERSION = 4.0;
				VALIDATE_PRODUCT = YES;
			};
			name = Release;
		};
		607FACF01AFB9204008FA782 /* Debug */ = {
			isa = XCBuildConfiguration;
			baseConfigurationReference = 69EC0ADC6D3429CB605C66DD /* Pods-CardParts_Example.debug.xcconfig */;
			buildSettings = {
				ASSETCATALOG_COMPILER_APPICON_NAME = AppIcon;
				CODE_SIGN_STYLE = Manual;
				DEVELOPMENT_TEAM = "";
				ENABLE_BITCODE = NO;
				INFOPLIST_FILE = CardParts/Info.plist;
				IPHONEOS_DEPLOYMENT_TARGET = 10.0;
				LD_RUNPATH_SEARCH_PATHS = "$(inherited) @executable_path/Frameworks";
				MODULE_NAME = ExampleApp;
				PRODUCT_BUNDLE_IDENTIFIER = "org.cocoapods.demo.$(PRODUCT_NAME:rfc1034identifier)";
				PRODUCT_NAME = "$(TARGET_NAME)";
				PROVISIONING_PROFILE_SPECIFIER = "";
				SWIFT_VERSION = 5.0;
			};
			name = Debug;
		};
		607FACF11AFB9204008FA782 /* Release */ = {
			isa = XCBuildConfiguration;
			baseConfigurationReference = E5A5CAD428F49767A3C551A5 /* Pods-CardParts_Example.release.xcconfig */;
			buildSettings = {
				ASSETCATALOG_COMPILER_APPICON_NAME = AppIcon;
				CODE_SIGN_STYLE = Manual;
				DEVELOPMENT_TEAM = "";
				ENABLE_BITCODE = NO;
				INFOPLIST_FILE = CardParts/Info.plist;
				IPHONEOS_DEPLOYMENT_TARGET = 10.0;
				LD_RUNPATH_SEARCH_PATHS = "$(inherited) @executable_path/Frameworks";
				MODULE_NAME = ExampleApp;
				PRODUCT_BUNDLE_IDENTIFIER = "org.cocoapods.demo.$(PRODUCT_NAME:rfc1034identifier)";
				PRODUCT_NAME = "$(TARGET_NAME)";
				PROVISIONING_PROFILE_SPECIFIER = "";
				SWIFT_VERSION = 5.0;
			};
			name = Release;
		};
		607FACF31AFB9204008FA782 /* Debug */ = {
			isa = XCBuildConfiguration;
			baseConfigurationReference = 9C1986106E7F060E20B3DE1E /* Pods-CardParts_Tests.debug.xcconfig */;
			buildSettings = {
				CODE_SIGN_STYLE = Manual;
				DEVELOPMENT_TEAM = "";
				GCC_PREPROCESSOR_DEFINITIONS = (
					"DEBUG=1",
					"$(inherited)",
				);
				INFOPLIST_FILE = Tests/Info.plist;
				IPHONEOS_DEPLOYMENT_TARGET = 10.0;
				LD_RUNPATH_SEARCH_PATHS = "$(inherited) @executable_path/Frameworks @loader_path/Frameworks";
				PRODUCT_BUNDLE_IDENTIFIER = "org.cocoapods.$(PRODUCT_NAME:rfc1034identifier)";
				PRODUCT_NAME = "$(TARGET_NAME)";
				PROVISIONING_PROFILE_SPECIFIER = "";
				SWIFT_VERSION = 5.0;
			};
			name = Debug;
		};
		607FACF41AFB9204008FA782 /* Release */ = {
			isa = XCBuildConfiguration;
			baseConfigurationReference = E87805F09ECF940869D9ADEE /* Pods-CardParts_Tests.release.xcconfig */;
			buildSettings = {
				CODE_SIGN_STYLE = Manual;
				DEVELOPMENT_TEAM = "";
				INFOPLIST_FILE = Tests/Info.plist;
				IPHONEOS_DEPLOYMENT_TARGET = 10.0;
				LD_RUNPATH_SEARCH_PATHS = "$(inherited) @executable_path/Frameworks @loader_path/Frameworks";
				PRODUCT_BUNDLE_IDENTIFIER = "org.cocoapods.$(PRODUCT_NAME:rfc1034identifier)";
				PRODUCT_NAME = "$(TARGET_NAME)";
				PROVISIONING_PROFILE_SPECIFIER = "";
				SWIFT_VERSION = 5.0;
			};
			name = Release;
		};
/* End XCBuildConfiguration section */

/* Begin XCConfigurationList section */
		607FACCB1AFB9204008FA782 /* Build configuration list for PBXProject "CardParts" */ = {
			isa = XCConfigurationList;
			buildConfigurations = (
				607FACED1AFB9204008FA782 /* Debug */,
				607FACEE1AFB9204008FA782 /* Release */,
			);
			defaultConfigurationIsVisible = 0;
			defaultConfigurationName = Debug;
		};
		607FACEF1AFB9204008FA782 /* Build configuration list for PBXNativeTarget "CardParts_Example" */ = {
			isa = XCConfigurationList;
			buildConfigurations = (
				607FACF01AFB9204008FA782 /* Debug */,
				607FACF11AFB9204008FA782 /* Release */,
			);
			defaultConfigurationIsVisible = 0;
			defaultConfigurationName = Debug;
		};
		607FACF21AFB9204008FA782 /* Build configuration list for PBXNativeTarget "CardParts_Tests" */ = {
			isa = XCConfigurationList;
			buildConfigurations = (
				607FACF31AFB9204008FA782 /* Debug */,
				607FACF41AFB9204008FA782 /* Release */,
			);
			defaultConfigurationIsVisible = 0;
			defaultConfigurationName = Debug;
		};
/* End XCConfigurationList section */
	};
	rootObject = 607FACC81AFB9204008FA782 /* Project object */;
}
